
Microsoft Visual Studio Solution File, Format Version 12.00
# Visual Studio Version 17
VisualStudioVersion = 17.3.32819.101
MinimumVisualStudioVersion = 10.0.40219.1
Project("{2150E333-8FDC-42A3-9474-1A3956D46DE8}") = "src", "src", "{75325879-3612-41DF-AD1D-90092A93D951}"
EndProject
Project("{2150E333-8FDC-42A3-9474-1A3956D46DE8}") = "tests", "tests", "{44E23745-FEBA-492A-AC16-96E0B8327864}"
EndProject
Project("{2150E333-8FDC-42A3-9474-1A3956D46DE8}") = "Identity", "Identity", "{F36FCC4C-4796-4587-BD44-4E58C4505E90}"
EndProject
Project("{2150E333-8FDC-42A3-9474-1A3956D46DE8}") = "Reservation", "Reservation", "{BCEB6581-DF87-4F29-9A47-A3256762BD08}"
EndProject
Project("{9A19103F-16F7-4668-BE54-9A1E7A4F7556}") = "Identity.Api", "src\Identity\Identity.Api\Identity.Api.csproj", "{D860F2EE-D25D-427B-BE3B-94EDD02B7F4A}"
EndProject
Project("{9A19103F-16F7-4668-BE54-9A1E7A4F7556}") = "Reservation.Api", "src\Reservation\Reservation.Api\Reservation.Api.csproj", "{0978C0FD-FF65-4071-8347-D4B4948B0570}"
EndProject
Project("{9A19103F-16F7-4668-BE54-9A1E7A4F7556}") = "Reservation.Domain", "src\Reservation\Reservation.Domain\Reservation.Domain.csproj", "{FC8347EE-34FC-46F7-97C6-421BBC7541C9}"
EndProject
Project("{9A19103F-16F7-4668-BE54-9A1E7A4F7556}") = "Reservation.Infrastructure", "src\Reservation\Reservation.Infrastructure\Reservation.Infrastructure.csproj", "{5C5F0651-CC79-45F0-949A-A6ED2D4C6F24}"
EndProject
Project("{9A19103F-16F7-4668-BE54-9A1E7A4F7556}") = "Reservation.Application", "src\Reservation\Reservation.Application\Reservation.Application.csproj", "{E9C958A5-F954-4069-BBB5-71A3C7D6E9E6}"
EndProject
Project("{2150E333-8FDC-42A3-9474-1A3956D46DE8}") = "IdentityTest", "IdentityTest", "{9C886FF0-E0F0-4487-96A1-3E0E844180F0}"
EndProject
Project("{2150E333-8FDC-42A3-9474-1A3956D46DE8}") = "ReservationTest", "ReservationTest", "{1485BEF7-6EA6-4AC2-B911-E8A49BF76D8C}"
EndProject
Project("{9A19103F-16F7-4668-BE54-9A1E7A4F7556}") = "Reservation.Domain.UnitTests", "tests\ReservationTest\Reservation.Domain.UnitTests\Reservation.Domain.UnitTests.csproj", "{27789A2E-65AC-40CB-9E9C-A0C108CAEB1C}"
EndProject
Project("{9A19103F-16F7-4668-BE54-9A1E7A4F7556}") = "Reservation.Api.IntegrationTests", "tests\ReservationTest\Reservation.Api.IntegrationTests\Reservation.Api.IntegrationTests.csproj", "{4A8B2980-548A-4139-BFAC-6275986B21C0}"
EndProject
Project("{9A19103F-16F7-4668-BE54-9A1E7A4F7556}") = "Identity.Entities", "src\Identity\Identity.Entities\Identity.Entities.csproj", "{03F0BEFB-F432-4454-8D7D-EA8036327987}"
EndProject
Project("{9A19103F-16F7-4668-BE54-9A1E7A4F7556}") = "Identity.Services", "src\Identity\Identity.Services\Identity.Services.csproj", "{86F93203-BAD6-4035-B390-DBA689ACE7DD}"
EndProject
Project("{9A19103F-16F7-4668-BE54-9A1E7A4F7556}") = "Identity.DataLayer", "src\Identity\Identity.DataLayer\Identity.DataLayer.csproj", "{DAA5018B-87A3-450B-998F-E27A334ACC3A}"
EndProject
Project("{9A19103F-16F7-4668-BE54-9A1E7A4F7556}") = "Identity.Common", "src\Identity\Identity.Common\Identity.Common.csproj", "{7B1CAA5C-CC3D-4DF4-ADA5-4C69E0D193B6}"
EndProject
Project("{9A19103F-16F7-4668-BE54-9A1E7A4F7556}") = "Identity.Api.IntegrationTests", "tests\IdentityTest\Identity.Api.IntegrationTests\Identity.Api.IntegrationTests.csproj", "{3F3028BF-3066-472D-965E-B2F8998408C2}"
EndProject
Project("{2150E333-8FDC-42A3-9474-1A3956D46DE8}") = "Gateway", "Gateway", "{97F02C69-CE56-43C0-BA0F-A4BBCC1DB8A7}"
EndProject
Project("{9A19103F-16F7-4668-BE54-9A1E7A4F7556}") = "Gateway.Api", "src\Gateway\Gateway.Api\Gateway.Api.csproj", "{5D5F5DB2-0DBB-42DC-A255-50E49E7C8A49}"
EndProject
Project("{E53339B2-1760-4266-BCC7-CA923CBCF16C}") = "docker-compose", "docker-compose.dcproj", "{8A667FEC-FA63-4EB7-A152-3D19786ADC2A}"
EndProject
Project("{FAE04EC0-301F-11D3-BF4B-00C04F79EFBC}") = "Reservation.Specs", "..\Reservation.Specs\Reservation.Specs.csproj", "{1C7938E1-521E-4194-B9FD-E1D089A6F9E9}"
EndProject
Global
	GlobalSection(SolutionConfigurationPlatforms) = preSolution
		Debug|Any CPU = Debug|Any CPU
		Release|Any CPU = Release|Any CPU
	EndGlobalSection
	GlobalSection(ProjectConfigurationPlatforms) = postSolution
		{D860F2EE-D25D-427B-BE3B-94EDD02B7F4A}.Debug|Any CPU.ActiveCfg = Debug|Any CPU
		{D860F2EE-D25D-427B-BE3B-94EDD02B7F4A}.Debug|Any CPU.Build.0 = Debug|Any CPU
		{D860F2EE-D25D-427B-BE3B-94EDD02B7F4A}.Release|Any CPU.ActiveCfg = Release|Any CPU
		{D860F2EE-D25D-427B-BE3B-94EDD02B7F4A}.Release|Any CPU.Build.0 = Release|Any CPU
		{0978C0FD-FF65-4071-8347-D4B4948B0570}.Debug|Any CPU.ActiveCfg = Debug|Any CPU
		{0978C0FD-FF65-4071-8347-D4B4948B0570}.Debug|Any CPU.Build.0 = Debug|Any CPU
		{0978C0FD-FF65-4071-8347-D4B4948B0570}.Release|Any CPU.ActiveCfg = Release|Any CPU
		{0978C0FD-FF65-4071-8347-D4B4948B0570}.Release|Any CPU.Build.0 = Release|Any CPU
		{FC8347EE-34FC-46F7-97C6-421BBC7541C9}.Debug|Any CPU.ActiveCfg = Debug|Any CPU
		{FC8347EE-34FC-46F7-97C6-421BBC7541C9}.Debug|Any CPU.Build.0 = Debug|Any CPU
		{FC8347EE-34FC-46F7-97C6-421BBC7541C9}.Release|Any CPU.ActiveCfg = Release|Any CPU
		{FC8347EE-34FC-46F7-97C6-421BBC7541C9}.Release|Any CPU.Build.0 = Release|Any CPU
		{5C5F0651-CC79-45F0-949A-A6ED2D4C6F24}.Debug|Any CPU.ActiveCfg = Debug|Any CPU
		{5C5F0651-CC79-45F0-949A-A6ED2D4C6F24}.Debug|Any CPU.Build.0 = Debug|Any CPU
		{5C5F0651-CC79-45F0-949A-A6ED2D4C6F24}.Release|Any CPU.ActiveCfg = Release|Any CPU
		{5C5F0651-CC79-45F0-949A-A6ED2D4C6F24}.Release|Any CPU.Build.0 = Release|Any CPU
		{E9C958A5-F954-4069-BBB5-71A3C7D6E9E6}.Debug|Any CPU.ActiveCfg = Debug|Any CPU
		{E9C958A5-F954-4069-BBB5-71A3C7D6E9E6}.Debug|Any CPU.Build.0 = Debug|Any CPU
		{E9C958A5-F954-4069-BBB5-71A3C7D6E9E6}.Release|Any CPU.ActiveCfg = Release|Any CPU
		{E9C958A5-F954-4069-BBB5-71A3C7D6E9E6}.Release|Any CPU.Build.0 = Release|Any CPU
		{27789A2E-65AC-40CB-9E9C-A0C108CAEB1C}.Debug|Any CPU.ActiveCfg = Debug|Any CPU
		{27789A2E-65AC-40CB-9E9C-A0C108CAEB1C}.Debug|Any CPU.Build.0 = Debug|Any CPU
		{27789A2E-65AC-40CB-9E9C-A0C108CAEB1C}.Release|Any CPU.ActiveCfg = Release|Any CPU
		{27789A2E-65AC-40CB-9E9C-A0C108CAEB1C}.Release|Any CPU.Build.0 = Release|Any CPU
		{4A8B2980-548A-4139-BFAC-6275986B21C0}.Debug|Any CPU.ActiveCfg = Debug|Any CPU
		{4A8B2980-548A-4139-BFAC-6275986B21C0}.Debug|Any CPU.Build.0 = Debug|Any CPU
		{4A8B2980-548A-4139-BFAC-6275986B21C0}.Release|Any CPU.ActiveCfg = Release|Any CPU
		{4A8B2980-548A-4139-BFAC-6275986B21C0}.Release|Any CPU.Build.0 = Release|Any CPU
		{03F0BEFB-F432-4454-8D7D-EA8036327987}.Debug|Any CPU.ActiveCfg = Debug|Any CPU
		{03F0BEFB-F432-4454-8D7D-EA8036327987}.Debug|Any CPU.Build.0 = Debug|Any CPU
		{03F0BEFB-F432-4454-8D7D-EA8036327987}.Release|Any CPU.ActiveCfg = Release|Any CPU
		{03F0BEFB-F432-4454-8D7D-EA8036327987}.Release|Any CPU.Build.0 = Release|Any CPU
		{86F93203-BAD6-4035-B390-DBA689ACE7DD}.Debug|Any CPU.ActiveCfg = Debug|Any CPU
		{86F93203-BAD6-4035-B390-DBA689ACE7DD}.Debug|Any CPU.Build.0 = Debug|Any CPU
		{86F93203-BAD6-4035-B390-DBA689ACE7DD}.Release|Any CPU.ActiveCfg = Release|Any CPU
		{86F93203-BAD6-4035-B390-DBA689ACE7DD}.Release|Any CPU.Build.0 = Release|Any CPU
		{DAA5018B-87A3-450B-998F-E27A334ACC3A}.Debug|Any CPU.ActiveCfg = Debug|Any CPU
		{DAA5018B-87A3-450B-998F-E27A334ACC3A}.Debug|Any CPU.Build.0 = Debug|Any CPU
		{DAA5018B-87A3-450B-998F-E27A334ACC3A}.Release|Any CPU.ActiveCfg = Release|Any CPU
		{DAA5018B-87A3-450B-998F-E27A334ACC3A}.Release|Any CPU.Build.0 = Release|Any CPU
		{7B1CAA5C-CC3D-4DF4-ADA5-4C69E0D193B6}.Debug|Any CPU.ActiveCfg = Debug|Any CPU
		{7B1CAA5C-CC3D-4DF4-ADA5-4C69E0D193B6}.Debug|Any CPU.Build.0 = Debug|Any CPU
		{7B1CAA5C-CC3D-4DF4-ADA5-4C69E0D193B6}.Release|Any CPU.ActiveCfg = Release|Any CPU
		{7B1CAA5C-CC3D-4DF4-ADA5-4C69E0D193B6}.Release|Any CPU.Build.0 = Release|Any CPU
		{3F3028BF-3066-472D-965E-B2F8998408C2}.Debug|Any CPU.ActiveCfg = Debug|Any CPU
		{3F3028BF-3066-472D-965E-B2F8998408C2}.Debug|Any CPU.Build.0 = Debug|Any CPU
		{3F3028BF-3066-472D-965E-B2F8998408C2}.Release|Any CPU.ActiveCfg = Release|Any CPU
		{3F3028BF-3066-472D-965E-B2F8998408C2}.Release|Any CPU.Build.0 = Release|Any CPU
		{5D5F5DB2-0DBB-42DC-A255-50E49E7C8A49}.Debug|Any CPU.ActiveCfg = Debug|Any CPU
		{5D5F5DB2-0DBB-42DC-A255-50E49E7C8A49}.Debug|Any CPU.Build.0 = Debug|Any CPU
		{5D5F5DB2-0DBB-42DC-A255-50E49E7C8A49}.Release|Any CPU.ActiveCfg = Release|Any CPU
		{5D5F5DB2-0DBB-42DC-A255-50E49E7C8A49}.Release|Any CPU.Build.0 = Release|Any CPU
		{8A667FEC-FA63-4EB7-A152-3D19786ADC2A}.Debug|Any CPU.ActiveCfg = Debug|Any CPU
		{8A667FEC-FA63-4EB7-A152-3D19786ADC2A}.Debug|Any CPU.Build.0 = Debug|Any CPU
		{8A667FEC-FA63-4EB7-A152-3D19786ADC2A}.Release|Any CPU.ActiveCfg = Release|Any CPU
		{8A667FEC-FA63-4EB7-A152-3D19786ADC2A}.Release|Any CPU.Build.0 = Release|Any CPU
		{1C7938E1-521E-4194-B9FD-E1D089A6F9E9}.Debug|Any CPU.ActiveCfg = Debug|Any CPU
		{1C7938E1-521E-4194-B9FD-E1D089A6F9E9}.Debug|Any CPU.Build.0 = Debug|Any CPU
		{1C7938E1-521E-4194-B9FD-E1D089A6F9E9}.Release|Any CPU.ActiveCfg = Release|Any CPU
		{1C7938E1-521E-4194-B9FD-E1D089A6F9E9}.Release|Any CPU.Build.0 = Release|Any CPU
	EndGlobalSection
	GlobalSection(SolutionProperties) = preSolution
		HideSolutionNode = FALSE
	EndGlobalSection
	GlobalSection(NestedProjects) = preSolution
		{F36FCC4C-4796-4587-BD44-4E58C4505E90} = {75325879-3612-41DF-AD1D-90092A93D951}
		{BCEB6581-DF87-4F29-9A47-A3256762BD08} = {75325879-3612-41DF-AD1D-90092A93D951}
		{D860F2EE-D25D-427B-BE3B-94EDD02B7F4A} = {F36FCC4C-4796-4587-BD44-4E58C4505E90}
		{0978C0FD-FF65-4071-8347-D4B4948B0570} = {BCEB6581-DF87-4F29-9A47-A3256762BD08}
		{FC8347EE-34FC-46F7-97C6-421BBC7541C9} = {BCEB6581-DF87-4F29-9A47-A3256762BD08}
		{5C5F0651-CC79-45F0-949A-A6ED2D4C6F24} = {BCEB6581-DF87-4F29-9A47-A3256762BD08}
		{E9C958A5-F954-4069-BBB5-71A3C7D6E9E6} = {BCEB6581-DF87-4F29-9A47-A3256762BD08}
		{9C886FF0-E0F0-4487-96A1-3E0E844180F0} = {44E23745-FEBA-492A-AC16-96E0B8327864}
		{1485BEF7-6EA6-4AC2-B911-E8A49BF76D8C} = {44E23745-FEBA-492A-AC16-96E0B8327864}
		{27789A2E-65AC-40CB-9E9C-A0C108CAEB1C} = {1485BEF7-6EA6-4AC2-B911-E8A49BF76D8C}
		{4A8B2980-548A-4139-BFAC-6275986B21C0} = {1485BEF7-6EA6-4AC2-B911-E8A49BF76D8C}
		{03F0BEFB-F432-4454-8D7D-EA8036327987} = {F36FCC4C-4796-4587-BD44-4E58C4505E90}
		{86F93203-BAD6-4035-B390-DBA689ACE7DD} = {F36FCC4C-4796-4587-BD44-4E58C4505E90}
		{DAA5018B-87A3-450B-998F-E27A334ACC3A} = {F36FCC4C-4796-4587-BD44-4E58C4505E90}
		{7B1CAA5C-CC3D-4DF4-ADA5-4C69E0D193B6} = {F36FCC4C-4796-4587-BD44-4E58C4505E90}
		{3F3028BF-3066-472D-965E-B2F8998408C2} = {9C886FF0-E0F0-4487-96A1-3E0E844180F0}
		{97F02C69-CE56-43C0-BA0F-A4BBCC1DB8A7} = {75325879-3612-41DF-AD1D-90092A93D951}
		{5D5F5DB2-0DBB-42DC-A255-50E49E7C8A49} = {97F02C69-CE56-43C0-BA0F-A4BBCC1DB8A7}
		{1C7938E1-521E-4194-B9FD-E1D089A6F9E9} = {1485BEF7-6EA6-4AC2-B911-E8A49BF76D8C}
	EndGlobalSection
	GlobalSection(ExtensibilityGlobals) = postSolution
		SolutionGuid = {83E338ED-1572-4E6C-9AB2-563969680E70}
	EndGlobalSection
EndGlobal
